
Microsoft Visual Studio Solution File, Format Version 12.00
# Visual Studio Version 17
VisualStudioVersion = 17.5.002.0
MinimumVisualStudioVersion = 10.0.40219.1
Project("{9A19103F-16F7-4668-BE54-9A1E7A4F7556}") = "Twitter-Solo", "Twitter-Solo.csproj", "{9149C8BE-D5BB-4431-B421-45B8C273D58C}"
EndProject
Global
	GlobalSection(SolutionConfigurationPlatforms) = preSolution
		Debug|Any CPU = Debug|Any CPU
		Release|Any CPU = Release|Any CPU
	EndGlobalSection
	GlobalSection(ProjectConfigurationPlatforms) = postSolution
		{9149C8BE-D5BB-4431-B421-45B8C273D58C}.Debug|Any CPU.ActiveCfg = Debug|Any CPU
		{9149C8BE-D5BB-4431-B421-45B8C273D58C}.Debug|Any CPU.Build.0 = Debug|Any CPU
		{9149C8BE-D5BB-4431-B421-45B8C273D58C}.Release|Any CPU.ActiveCfg = Release|Any CPU
		{9149C8BE-D5BB-4431-B421-45B8C273D58C}.Release|Any CPU.Build.0 = Release|Any CPU
	EndGlobalSection
	GlobalSection(SolutionProperties) = preSolution
		HideSolutionNode = FALSE
	EndGlobalSection
	GlobalSection(ExtensibilityGlobals) = postSolution
		SolutionGuid = {A6B9B238-9695-4B80-AC1C-B2E6B6C84AD7}
	EndGlobalSection
EndGlobal
